// !$*UTF8*$!
{
	archiveVersion = 1;
	classes = {
	};
	objectVersion = 56;
	objects = {

/* Begin PBXBuildFile section */
		BB0000000000000000000001 /* AppDelegate.swift in Sources */ = {isa = PBXBuildFile; fileRef = AA0000000000000000000001 /* AppDelegate.swift */; };
		BB0000000000000000000002 /* EnvironmentChecker.swift in Sources */ = {isa = PBXBuildFile; fileRef = AA0000000000000000000002 /* EnvironmentChecker.swift */; };
		BB0000000000000000000003 /* MenuBarItem.swift in Sources */ = {isa = PBXBuildFile; fileRef = AA0000000000000000000003 /* MenuBarItem.swift */; };
		BB0000000000000000000004 /* Category.swift in Sources */ = {isa = PBXBuildFile; fileRef = AA0000000000000000000004 /* Category.swift */; };
		BB0000000000000000000005 /* DataStore.swift in Sources */ = {isa = PBXBuildFile; fileRef = AA0000000000000000000005 /* DataStore.swift */; };
		BB0000000000000000000006 /* MenuBarEnumerator.swift in Sources */ = {isa = PBXBuildFile; fileRef = AA0000000000000000000006 /* MenuBarEnumerator.swift */; };
		BB0000000000000000000007 /* ClassificationRulesManager.swift in Sources */ = {isa = PBXBuildFile; fileRef = AA0000000000000000000007 /* ClassificationRulesManager.swift */; };
		BB000000000000000000000E /* classification_rules.json in Resources */ = {isa = PBXBuildFile; fileRef = AA000000000000000000000E /* classification_rules.json */; };
		BB000000000000000000000F /* Assets.xcassets in Resources */ = {isa = PBXBuildFile; fileRef = AA000000000000000000000F /* Assets.xcassets */; };
		BB0000000000000000000020 /* main.swift in Sources */ = {isa = PBXBuildFile; fileRef = AA0000000000000000000020 /* main.swift */; };
		BB0000000000000000000030 /* OverflowUI.swift in Sources */ = {isa = PBXBuildFile; fileRef = AA0000000000000000000030 /* OverflowUI.swift */; };
		BB0000000000000000000031 /* DebugMenuManager.swift in Sources */ = {isa = PBXBuildFile; fileRef = AA0000000000000000000031 /* DebugMenuManager.swift */; };
		BB0000000000000000000032 /* LanguageManager.swift in Sources */ = {isa = PBXBuildFile; fileRef = AA0000000000000000000032 /* LanguageManager.swift */; };
/* End PBXBuildFile section */

/* Begin PBXFileReference section */
		AA0000000000000000000001 /* AppDelegate.swift */ = {isa = PBXFileReference; lastKnownFileType = sourcecode.swift; path = AppDelegate.swift; sourceTree = "<group>"; };
		AA0000000000000000000002 /* EnvironmentChecker.swift */ = {isa = PBXFileReference; lastKnownFileType = sourcecode.swift; path = EnvironmentChecker.swift; sourceTree = "<group>"; };
		AA0000000000000000000003 /* MenuBarItem.swift */ = {isa = PBXFileReference; lastKnownFileType = sourcecode.swift; path = MenuBarItem.swift; sourceTree = "<group>"; };
		AA0000000000000000000004 /* Category.swift */ = {isa = PBXFileReference; lastKnownFileType = sourcecode.swift; path = Category.swift; sourceTree = "<group>"; };
		AA0000000000000000000005 /* DataStore.swift */ = {isa = PBXFileReference; lastKnownFileType = sourcecode.swift; path = DataStore.swift; sourceTree = "<group>"; };
		AA0000000000000000000006 /* MenuBarEnumerator.swift */ = {isa = PBXFileReference; lastKnownFileType = sourcecode.swift; path = MenuBarEnumerator.swift; sourceTree = "<group>"; };
		AA0000000000000000000007 /* ClassificationRulesManager.swift */ = {isa = PBXFileReference; lastKnownFileType = sourcecode.swift; path = ClassificationRulesManager.swift; sourceTree = "<group>"; };
		AA000000000000000000000E /* classification_rules.json */ = {isa = PBXFileReference; lastKnownFileType = text.json; path = classification_rules.json; sourceTree = "<group>"; };
		AA000000000000000000000F /* Assets.xcassets */ = {isa = PBXFileReference; lastKnownFileType = folder.assetcatalog; path = Assets.xcassets; sourceTree = "<group>"; };
		AA0000000000000000000010 /* Info.plist */ = {isa = PBXFileReference; lastKnownFileType = text.plist.xml; path = Info.plist; sourceTree = "<group>"; };
		AA0000000000000000000011 /* MenuBarDockX.entitlements */ = {isa = PBXFileReference; lastKnownFileType = text.plist.entitlements; path = MenuBarDockX.entitlements; sourceTree = "<group>"; };
		AA0000000000000000000012 /* MenuBarDockX.app */ = {isa = PBXFileReference; explicitFileType = wrapper.application; includeInIndex = 0; path = MenuBarDockX.app; sourceTree = BUILT_PRODUCTS_DIR; };
		AA0000000000000000000020 /* main.swift */ = {isa = PBXFileReference; lastKnownFileType = sourcecode.swift; path = main.swift; sourceTree = "<group>"; };
		AA0000000000000000000030 /* OverflowUI.swift */ = {isa = PBXFileReference; lastKnownFileType = sourcecode.swift; path = OverflowUI.swift; sourceTree = "<group>"; };
		AA0000000000000000000031 /* DebugMenuManager.swift */ = {isa = PBXFileReference; lastKnownFileType = sourcecode.swift; path = DebugMenuManager.swift; sourceTree = "<group>"; };
		AA0000000000000000000032 /* LanguageManager.swift */ = {isa = PBXFileReference; lastKnownFileType = sourcecode.swift; path = LanguageManager.swift; sourceTree = "<group>"; };
/* End PBXFileReference section */

/* Begin PBXFrameworksBuildPhase section */
		EE0000000000000000000003 /* Frameworks */ = {
			isa = PBXFrameworksBuildPhase;
			buildActionMask = 2147483647;
			files = (
			);
			runOnlyForDeploymentPostprocessing = 0;
		};
/* End PBXFrameworksBuildPhase section */

/* Begin PBXGroup section */
		CC0000000000000000000001 = {
			isa = PBXGroup;
			children = (
				CC0000000000000000000002 /* MenuBarDockX */,
				CC0000000000000000000003 /* Products */,
			);
			sourceTree = "<group>";
		};
		CC0000000000000000000002 /* MenuBarDockX */ = {
			isa = PBXGroup;
			children = (
				AA0000000000000000000020 /* main.swift */,
				AA0000000000000000000001 /* AppDelegate.swift */,
				AA0000000000000000000002 /* EnvironmentChecker.swift */,
				AA0000000000000000000003 /* MenuBarItem.swift */,
				AA0000000000000000000004 /* Category.swift */,
				AA0000000000000000000005 /* DataStore.swift */,
				AA0000000000000000000006 /* MenuBarEnumerator.swift */,
				AA0000000000000000000007 /* ClassificationRulesManager.swift */,
				AA0000000000000000000030 /* OverflowUI.swift */,
				AA0000000000000000000031 /* DebugMenuManager.swift */,
				AA0000000000000000000032 /* LanguageManager.swift */,
				AA000000000000000000000E /* classification_rules.json */,
				AA000000000000000000000F /* Assets.xcassets */,
				AA0000000000000000000010 /* Info.plist */,
				AA0000000000000000000011 /* MenuBarDockX.entitlements */,
			);
			path = MenuBarDockX;
			sourceTree = "<group>";
		};
		CC0000000000000000000003 /* Products */ = {
			isa = PBXGroup;
			children = (
				AA0000000000000000000012 /* MenuBarDockX.app */,
			);
			name = Products;
			sourceTree = "<group>";
		};
/* End PBXGroup section */

/* Begin PBXNativeTarget section */
		DD0000000000000000000001 /* MenuBarDockX */ = {
			isa = PBXNativeTarget;
			buildConfigurationList = FF0000000000000000000006 /* Build configuration list for PBXNativeTarget "MenuBarDockX" */;
			buildPhases = (
				EE0000000000000000000001 /* Sources */,
				EE0000000000000000000002 /* Resources */,
				EE0000000000000000000003 /* Frameworks */,
			);
			buildRules = (
			);
			dependencies = (
			);
			name = MenuBarDockX;
			productName = MenuBarDockX;
			productReference = AA0000000000000000000012 /* MenuBarDockX.app */;
			productType = "com.apple.product-type.application";
		};
/* End PBXNativeTarget section */

/* Begin PBXProject section */
		DD0000000000000000000002 /* Project object */ = {
			isa = PBXProject;
			attributes = {
				BuildIndependentTargetsInParallel = 1;
				LastSwiftUpdateCheck = 1500;
				LastUpgradeCheck = 1500;
				TargetAttributes = {
					DD0000000000000000000001 = {
						CreatedOnToolsVersion = 15.0;
					};
				};
			};
			buildConfigurationList = FF0000000000000000000005 /* Build configuration list for PBXProject "MenuBarDockX" */;
			compatibilityVersion = "Xcode 14.0";
			developmentRegion = ja;
			hasScannedForEncodings = 0;
			knownRegions = (
				ja,
				en,
				Base,
			);
			mainGroup = CC0000000000000000000001;
			productRefGroup = CC0000000000000000000003 /* Products */;
			projectDirPath = "";
			projectRoot = "";
			targets = (
				DD0000000000000000000001 /* MenuBarDockX */,
			);
		};
/* End PBXProject section */

/* Begin PBXResourcesBuildPhase section */
		EE0000000000000000000002 /* Resources */ = {
			isa = PBXResourcesBuildPhase;
			buildActionMask = 2147483647;
			files = (
				BB000000000000000000000E /* classification_rules.json in Resources */,
				BB000000000000000000000F /* Assets.xcassets in Resources */,
			);
			runOnlyForDeploymentPostprocessing = 0;
		};
/* End PBXResourcesBuildPhase section */

/* Begin PBXSourcesBuildPhase section */
		EE0000000000000000000001 /* Sources */ = {
			isa = PBXSourcesBuildPhase;
			buildActionMask = 2147483647;
			files = (
				BB0000000000000000000020 /* main.swift in Sources */,
				BB0000000000000000000001 /* AppDelegate.swift in Sources */,
				BB0000000000000000000002 /* EnvironmentChecker.swift in Sources */,
				BB0000000000000000000003 /* MenuBarItem.swift in Sources */,
				BB0000000000000000000004 /* Category.swift in Sources */,
				BB0000000000000000000005 /* DataStore.swift in Sources */,
				BB0000000000000000000006 /* MenuBarEnumerator.swift in Sources */,
				BB0000000000000000000007 /* ClassificationRulesManager.swift in Sources */,
				BB0000000000000000000008 /* LauncherWindowController.swift in Sources */,
				BB0000000000000000000009 /* LauncherViewController.swift in Sources */,
				BB000000000000000000000A /* CategoryTabView.swift in Sources */,
				BB000000000000000000000B /* IconItemView.swift in Sources */,
				BB000000000000000000000C /* GlobalShortcutManager.swift in Sources */,
				BB000000000000000000000D /* MagneticWindowManager.swift in Sources */,
				BB0000000000000000000030 /* OverflowUI.swift in Sources */,
				BB0000000000000000000031 /* DebugMenuManager.swift in Sources */,
				BB0000000000000000000032 /* LanguageManager.swift in Sources */,
			);
			runOnlyForDeploymentPostprocessing = 0;
		};
/* End PBXSourcesBuildPhase section */

/* Begin XCBuildConfiguration section */
		FF0000000000000000000001 /* Debug */ = {
			isa = XCBuildConfiguration;
			buildSettings = {
				ALWAYS_SEARCH_USER_PATHS = NO;
				CLANG_ANALYZER_NONNULL = YES;
				CLANG_ANALYZER_NUMBER_OBJECT_CONVERSION = YES_AGGRESSIVE;
				CLANG_CXX_LANGUAGE_STANDARD = "gnu++20";
				CLANG_ENABLE_MODULES = YES;
				CLANG_ENABLE_OBJC_ARC = YES;
				CLANG_ENABLE_OBJC_WEAK = YES;
				CLANG_WARN_BLOCK_CAPTURE_AUTORELEASING = YES;
				CLANG_WARN_BOOL_CONVERSION = YES;
				CLANG_WARN_COMMA = YES;
				CLANG_WARN_CONSTANT_CONVERSION = YES;
				CLANG_WARN_DEPRECATED_OBJC_IMPLEMENTATIONS = YES;
				CLANG_WARN_DIRECT_OBJC_ISA_USAGE = YES_ERROR;
				CLANG_WARN_DOCUMENTATION_COMMENTS = YES;
				CLANG_WARN_EMPTY_BODY = YES;
				CLANG_WARN_ENUM_CONVERSION = YES;
				CLANG_WARN_INFINITE_RECURSION = YES;
				CLANG_WARN_INT_CONVERSION = YES;
				CLANG_WARN_NON_LITERAL_NULL_CONVERSION = YES;
				CLANG_WARN_OBJC_IMPLICIT_RETAIN_CYCLE = YES;
				CLANG_WARN_OBJC_LITERAL_CONVERSION = YES;
				CLANG_WARN_OBJC_ROOT_CLASS = YES_ERROR;
				CLANG_WARN_QUOTED_INCLUDE_IN_FRAMEWORK_HEADER = YES;
				CLANG_WARN_RANGE_LOOP_ANALYSIS = YES;
				CLANG_WARN_STRICT_PROTOTYPES = YES;
				CLANG_WARN_SUSPICIOUS_MOVE = YES;
				CLANG_WARN_UNGUARDED_AVAILABILITY = YES_AGGRESSIVE;
				CLANG_WARN_UNREACHABLE_CODE = YES;
				CLANG_WARN__DUPLICATE_METHOD_MATCH = YES;
				COPY_PHASE_STRIP = NO;
				DEBUG_INFORMATION_FORMAT = dwarf;
				ENABLE_STRICT_OBJC_MSGSEND = YES;
				ENABLE_TESTABILITY = YES;
				GCC_C_LANGUAGE_STANDARD = gnu17;
				GCC_DYNAMIC_NO_PIC = NO;
				GCC_NO_COMMON_BLOCKS = YES;
				GCC_OPTIMIZATION_LEVEL = 0;
				GCC_PREPROCESSOR_DEFINITIONS = (
					"DEBUG=1",
					"$(inherited)",
				);
				GCC_WARN_64_TO_32_BIT_CONVERSION = YES;
				GCC_WARN_ABOUT_RETURN_TYPE = YES_ERROR;
				GCC_WARN_UNDECLARED_SELECTOR = YES;
				GCC_WARN_UNINITIALIZED_AUTOS = YES_AGGRESSIVE;
				GCC_WARN_UNUSED_FUNCTION = YES;
				GCC_WARN_UNUSED_VARIABLE = YES;
				MACOSX_DEPLOYMENT_TARGET = 14.0;
				MTL_ENABLE_DEBUG_INFO = INCLUDE_SOURCE;
				MTL_FAST_MATH = YES;
				ONLY_ACTIVE_ARCH = YES;
				SDKROOT = macosx;
				SWIFT_ACTIVE_COMPILATION_CONDITIONS = DEBUG;
				SWIFT_OPTIMIZATION_LEVEL = "-Onone";
			};
			name = Debug;
		};
		FF0000000000000000000002 /* Release */ = {
			isa = XCBuildConfiguration;
			buildSettings = {
				ALWAYS_SEARCH_USER_PATHS = NO;
				CLANG_ANALYZER_NONNULL = YES;
				CLANG_ANALYZER_NUMBER_OBJECT_CONVERSION = YES_AGGRESSIVE;
				CLANG_CXX_LANGUAGE_STANDARD = "gnu++20";
				CLANG_ENABLE_MODULES = YES;
				CLANG_ENABLE_OBJC_ARC = YES;
				CLANG_ENABLE_OBJC_WEAK = YES;
				CLANG_WARN_BLOCK_CAPTURE_AUTORELEASING = YES;
				CLANG_WARN_BOOL_CONVERSION = YES;
				CLANG_WARN_COMMA = YES;
				CLANG_WARN_CONSTANT_CONVERSION = YES;
				CLANG_WARN_DEPRECATED_OBJC_IMPLEMENTATIONS = YES;
				CLANG_WARN_DIRECT_OBJC_ISA_USAGE = YES_ERROR;
				CLANG_WARN_DOCUMENTATION_COMMENTS = YES;
				CLANG_WARN_EMPTY_BODY = YES;
				CLANG_WARN_ENUM_CONVERSION = YES;
				CLANG_WARN_INFINITE_RECURSION = YES;
				CLANG_WARN_INT_CONVERSION = YES;
				CLANG_WARN_NON_LITERAL_NULL_CONVERSION = YES;
				CLANG_WARN_OBJC_IMPLICIT_RETAIN_CYCLE = YES;
				CLANG_WARN_OBJC_LITERAL_CONVERSION = YES;
				CLANG_WARN_OBJC_ROOT_CLASS = YES_ERROR;
				CLANG_WARN_QUOTED_INCLUDE_IN_FRAMEWORK_HEADER = YES;
				CLANG_WARN_RANGE_LOOP_ANALYSIS = YES;
				CLANG_WARN_STRICT_PROTOTYPES = YES;
				CLANG_WARN_SUSPICIOUS_MOVE = YES;
				CLANG_WARN_UNGUARDED_AVAILABILITY = YES_AGGRESSIVE;
				CLANG_WARN_UNREACHABLE_CODE = YES;
				CLANG_WARN__DUPLICATE_METHOD_MATCH = YES;
				COPY_PHASE_STRIP = NO;
				DEBUG_INFORMATION_FORMAT = "dwarf-with-dsym";
				ENABLE_NS_ASSERTIONS = NO;
				ENABLE_STRICT_OBJC_MSGSEND = YES;
				GCC_C_LANGUAGE_STANDARD = gnu17;
				GCC_NO_COMMON_BLOCKS = YES;
				GCC_WARN_64_TO_32_BIT_CONVERSION = YES;
				GCC_WARN_ABOUT_RETURN_TYPE = YES_ERROR;
				GCC_WARN_UNDECLARED_SELECTOR = YES;
				GCC_WARN_UNINITIALIZED_AUTOS = YES_AGGRESSIVE;
				GCC_WARN_UNUSED_FUNCTION = YES;
				GCC_WARN_UNUSED_VARIABLE = YES;
				MACOSX_DEPLOYMENT_TARGET = 14.0;
				MTL_ENABLE_DEBUG_INFO = NO;
				MTL_FAST_MATH = YES;
				SDKROOT = macosx;
				SWIFT_COMPILATION_MODE = wholemodule;
				SWIFT_OPTIMIZATION_LEVEL = "-O";
			};
			name = Release;
		};
		FF0000000000000000000003 /* Debug */ = {
			isa = XCBuildConfiguration;
			buildSettings = {
				ASSETCATALOG_COMPILER_APPICON_NAME = AppIcon;
				ASSETCATALOG_COMPILER_GLOBAL_ACCENT_COLOR_NAME = AccentColor;
				CODE_SIGN_ENTITLEMENTS = MenuBarDockX/MenuBarDockX.entitlements;
				CODE_SIGN_STYLE = Automatic;
				COMBINE_HIDPI_IMAGES = YES;
				CURRENT_PROJECT_VERSION = 2;
				DEVELOPMENT_TEAM = 77KM45K237;
				ENABLE_HARDENED_RUNTIME = NO;
				GENERATE_INFOPLIST_FILE = NO;
				INFOPLIST_FILE = MenuBarDockX/Info.plist;
				LD_RUNPATH_SEARCH_PATHS = (
					"$(inherited)",
					"@executable_path/../Frameworks",
				);
				MARKETING_VERSION = 1.1;
				PRODUCT_BUNDLE_IDENTIFIER = com.menubar.MenuBarDockX;
				PRODUCT_NAME = "$(TARGET_NAME)";
				SWIFT_EMIT_LOC_STRINGS = YES;
				SWIFT_VERSION = 5.0;
			};
			name = Debug;
		};
		FF0000000000000000000004 /* Release */ = {
			isa = XCBuildConfiguration;
			buildSettings = {
				ASSETCATALOG_COMPILER_APPICON_NAME = AppIcon;
				ASSETCATALOG_COMPILER_GLOBAL_ACCENT_COLOR_NAME = AccentColor;
				CODE_SIGN_ENTITLEMENTS = MenuBarDockX/MenuBarDockX.entitlements;
				CODE_SIGN_STYLE = Automatic;
				COMBINE_HIDPI_IMAGES = YES;
				CURRENT_PROJECT_VERSION = 2;
				DEVELOPMENT_TEAM = 77KM45K237;
				ENABLE_HARDENED_RUNTIME = NO;
				GENERATE_INFOPLIST_FILE = NO;
				INFOPLIST_FILE = MenuBarDockX/Info.plist;
				LD_RUNPATH_SEARCH_PATHS = (
					"$(inherited)",
					"@executable_path/../Frameworks",
				);
				MARKETING_VERSION = 1.1;
				PRODUCT_BUNDLE_IDENTIFIER = com.menubar.MenuBarDockX;
				PRODUCT_NAME = "$(TARGET_NAME)";
				SWIFT_EMIT_LOC_STRINGS = YES;
				SWIFT_VERSION = 5.0;
			};
			name = Release;
		};
/* End XCBuildConfiguration section */

/* Begin XCConfigurationList section */
		FF0000000000000000000005 /* Build configuration list for PBXProject "MenuBarDockX" */ = {
			isa = XCConfigurationList;
			buildConfigurations = (
				FF0000000000000000000001 /* Debug */,
				FF0000000000000000000002 /* Release */,
			);
			defaultConfigurationIsVisible = 0;
			defaultConfigurationName = Release;
		};
		FF0000000000000000000006 /* Build configuration list for PBXNativeTarget "MenuBarDockX" */ = {
			isa = XCConfigurationList;
			buildConfigurations = (
				FF0000000000000000000003 /* Debug */,
				FF0000000000000000000004 /* Release */,
			);
			defaultConfigurationIsVisible = 0;
			defaultConfigurationName = Release;
		};
/* End XCConfigurationList section */
	};
	rootObject = DD0000000000000000000002 /* Project object */;
}
